# THIS IS AN AUTOGENERATED FILE. DO NOT EDIT THIS FILE DIRECTLY.
# yarn lockfile v1


"@types/babel-types@*", "@types/babel-types@^7.0.0":
  version "7.0.7"
  resolved "https://registry.yarnpkg.com/@types/babel-types/-/babel-types-7.0.7.tgz#667eb1640e8039436028055737d2b9986ee336e3"
  integrity sha512-dBtBbrc+qTHy1WdfHYjBwRln4+LWqASWakLHsWHR2NWHIFkv4W3O070IGoGLEBrJBvct3r0L1BUPuvURi7kYUQ==

"@types/babylon@^6.16.2":
  version "6.16.5"
  resolved "https://registry.yarnpkg.com/@types/babylon/-/babylon-6.16.5.tgz#1c5641db69eb8cdf378edd25b4be7754beeb48b4"
  integrity sha512-xH2e58elpj1X4ynnKp9qSnWlsRTIs6n3tgLGNfwAGHwePw0mulHQllV34n0T25uYSu1k0hRKkWXF890B1yS47w==
  dependencies:
    "@types/babel-types" "*"

"@types/geojson@^1.0.0":
  version "1.0.6"
  resolved "https://registry.yarnpkg.com/@types/geojson/-/geojson-1.0.6.tgz#3e02972728c69248c2af08d60a48cbb8680fffdf"
  integrity sha512-Xqg/lIZMrUd0VRmSRbCAewtwGZiAk3mEUDvV4op1tGl+LvyPcb/MIOSxTl9z+9+J+R4/vpjiCAT4xeKzH9ji1w==

"@types/node@*":
  version "12.12.18"
  resolved "https://registry.yarnpkg.com/@types/node/-/node-12.12.18.tgz#8d16634797d63c2af5bc647ce879f8de20b56469"
  integrity sha512-DBkZuIMFuAfjJHiunyRc+aNvmXYNwV1IPMgGKGlwCp6zh6MKrVtmvjSWK/axWcD25KJffkXgkfvFra8ndenXAw==

acorn-globals@^3.0.0:
  version "3.1.0"
  resolved "https://registry.yarnpkg.com/acorn-globals/-/acorn-globals-3.1.0.tgz#fd8270f71fbb4996b004fa880ee5d46573a731bf"
  integrity sha1-/YJw9x+7SZawBPqIDuXUZXOnMb8=
  dependencies:
    acorn "^4.0.4"

acorn@^3.1.0:
  version "3.3.0"
  resolved "https://registry.yarnpkg.com/acorn/-/acorn-3.3.0.tgz#45e37fb39e8da3f25baee3ff5369e2bb5f22017a"
  integrity sha1-ReN/s56No/JbruP/U2niu18iAXo=

acorn@^4.0.4, acorn@~4.0.2:
  version "4.0.13"
  resolved "https://registry.yarnpkg.com/acorn/-/acorn-4.0.13.tgz#105495ae5361d697bd195c825192e1ad7f253787"
  integrity sha1-EFSVrlNh1pe9GVyCUZLhrX8lN4c=

align-text@^0.1.1, align-text@^0.1.3:
  version "0.1.4"
  resolved "https://registry.yarnpkg.com/align-text/-/align-text-0.1.4.tgz#0cd90a561093f35d0a99256c22b7069433fad117"
  integrity sha1-DNkKVhCT810KmSVsIrcGlDP60Rc=
  dependencies:
    kind-of "^3.0.2"
    longest "^1.0.1"
    repeat-string "^1.5.2"

apache-crypt@^1.1.2:
  version "1.2.1"
  resolved "https://registry.yarnpkg.com/apache-crypt/-/apache-crypt-1.2.1.tgz#d6fc72aa6d27d99c95a94fd188d731eefffa663c"
  integrity sha1-1vxyqm0n2ZyVqU/RiNcx7v/6Zjw=
  dependencies:
    unix-crypt-td-js "^1.0.0"

apache-md5@^1.0.6:
  version "1.1.2"
  resolved "https://registry.yarnpkg.com/apache-md5/-/apache-md5-1.1.2.tgz#ee49736b639b4f108b6e9e626c6da99306b41692"
  integrity sha1-7klza2ObTxCLbp5ibG2pkwa0FpI=

asap@~2.0.3:
  version "2.0.6"
  resolved "https://registry.yarnpkg.com/asap/-/asap-2.0.6.tgz#e50347611d7e690943208bbdafebcbc2fb866d46"
  integrity sha1-5QNHYR1+aQlDIIu9r+vLwvuGbUY=

babel-runtime@^6.26.0:
  version "6.26.0"
  resolved "https://registry.yarnpkg.com/babel-runtime/-/babel-runtime-6.26.0.tgz#965c7058668e82b55d7bfe04ff2337bc8b5647fe"
  integrity sha1-llxwWGaOgrVde/4E/yM3vItWR/4=
  dependencies:
    core-js "^2.4.0"
    regenerator-runtime "^0.11.0"

babel-types@^6.26.0:
  version "6.26.0"
  resolved "https://registry.yarnpkg.com/babel-types/-/babel-types-6.26.0.tgz#a3b073f94ab49eb6fa55cd65227a334380632497"
  integrity sha1-o7Bz+Uq0nrb6Vc1lInozQ4BjJJc=
  dependencies:
    babel-runtime "^6.26.0"
    esutils "^2.0.2"
    lodash "^4.17.4"
    to-fast-properties "^1.0.3"

babylon@^6.18.0:
  version "6.18.0"
  resolved "https://registry.yarnpkg.com/babylon/-/babylon-6.18.0.tgz#af2f3b88fa6f5c1e4c634d1a0f8eac4f55b395e3"
  integrity sha512-q/UEjfGJ2Cm3oKV71DJz9d25TPnq5rhBVL2Q4fA5wcC3jcrdn7+SssEybFIxwAvvP+YCsCYNKughoF33GxgycQ==

bcryptjs@^2.3.0:
  version "2.4.3"
  resolved "https://registry.yarnpkg.com/bcryptjs/-/bcryptjs-2.4.3.tgz#9ab5627b93e60621ff7cdac5da9733027df1d0cb"
  integrity sha1-mrVie5PmBiH/fNrF2pczAn3x0Ms=

bluebird@^3.4.6, bluebird@^3.5.0:
  version "3.7.2"
  resolved "https://registry.yarnpkg.com/bluebird/-/bluebird-3.7.2.tgz#9f229c15be272454ffa973ace0dbee79a1b0c36f"
  integrity sha512-XpNj6GDQzdfW+r2Wnn7xiSAd7TM3jzkxGXBGTtWKuSXv1xUV+azxAm8jdWZN06QTQk+2N2XB9jRDkvbmQmcRtg==

buffer-writer@1.0.1:
  version "1.0.1"
  resolved "https://registry.yarnpkg.com/buffer-writer/-/buffer-writer-1.0.1.tgz#22a936901e3029afcd7547eb4487ceb697a3bf08"
  integrity sha1-Iqk2kB4wKa/NdUfrRIfOtpejvwg=

camelcase@^1.0.2:
  version "1.2.1"
  resolved "https://registry.yarnpkg.com/camelcase/-/camelcase-1.2.1.tgz#9bb5304d2e0b56698b2c758b08a3eaa9daa58a39"
  integrity sha1-m7UwTS4LVmmLLHWLCKPqqdqlijk=

center-align@^0.1.1:
  version "0.1.3"
  resolved "https://registry.yarnpkg.com/center-align/-/center-align-0.1.3.tgz#aa0d32629b6ee972200411cbd4461c907bc2b7ad"
  integrity sha1-qg0yYptu6XIgBBHL1EYckHvCt60=
  dependencies:
    align-text "^0.1.3"
    lazy-cache "^1.0.3"

character-parser@^2.1.1:
  version "2.2.0"
  resolved "https://registry.yarnpkg.com/character-parser/-/character-parser-2.2.0.tgz#c7ce28f36d4bcd9744e5ffc2c5fcde1c73261fc0"
  integrity sha1-x84o821LzZdE5f/CxfzeHHMmH8A=
  dependencies:
    is-regex "^1.0.3"

clean-css@^4.1.11:
  version "4.2.1"
  resolved "https://registry.yarnpkg.com/clean-css/-/clean-css-4.2.1.tgz#2d411ef76b8569b6d0c84068dabe85b0aa5e5c17"
  integrity sha512-4ZxI6dy4lrY6FHzfiy1aEOXgu4LIsW2MhwG0VBKdcoGoH/XLFgaHSdLTGr4O8Be6A8r3MOphEiI8Gc1n0ecf3g==
  dependencies:
    source-map "~0.6.0"

cliui@^2.1.0:
  version "2.1.0"
  resolved "https://registry.yarnpkg.com/cliui/-/cliui-2.1.0.tgz#4b475760ff80264c762c3a1719032e91c7fea0d1"
  integrity sha1-S0dXYP+AJkx2LDoXGQMukcf+oNE=
  dependencies:
    center-align "^0.1.1"
    right-align "^0.1.1"
    wordwrap "0.0.2"

cls-bluebird@^2.1.0:
  version "2.1.0"
  resolved "https://registry.yarnpkg.com/cls-bluebird/-/cls-bluebird-2.1.0.tgz#37ef1e080a8ffb55c2f4164f536f1919e7968aee"
  integrity sha1-N+8eCAqP+1XC9BZPU28ZGeeWiu4=
  dependencies:
    is-bluebird "^1.0.2"
    shimmer "^1.1.0"

constantinople@^3.0.1, constantinople@^3.1.2:
  version "3.1.2"
  resolved "https://registry.yarnpkg.com/constantinople/-/constantinople-3.1.2.tgz#d45ed724f57d3d10500017a7d3a889c1381ae647"
  integrity sha512-yePcBqEFhLOqSBtwYOGGS1exHo/s1xjekXiinh4itpNQGCu4KA1euPh1fg07N2wMITZXQkBz75Ntdt1ctGZouw==
  dependencies:
    "@types/babel-types" "^7.0.0"
    "@types/babylon" "^6.16.2"
    babel-types "^6.26.0"
    babylon "^6.18.0"

core-js@^2.4.0:
  version "2.6.11"
  resolved "https://registry.yarnpkg.com/core-js/-/core-js-2.6.11.tgz#38831469f9922bded8ee21c9dc46985e0399308c"
  integrity sha512-5wjnpaT/3dV+XB4borEsnAYQchn00XSgTAWKDkEqv+K8KevjbzmofK6hfJ9TZIlpj2N0xQpazy7PiRQiWHqzWg==

debug@^2.6.9:
  version "2.6.9"
  resolved "https://registry.yarnpkg.com/debug/-/debug-2.6.9.tgz#5d128515df134ff327e90a4c93f4e077a536341f"
  integrity sha512-bC7ElrdJaJnPbAP+1EotYvqZsb3ecl5wi6Bfi6BJTUcNowp6cvspg0jXznRTKDjm/E7AdgFBVeAPVMNcKGsHMA==
  dependencies:
    ms "2.0.0"

debug@^3.1.0:
  version "3.2.6"
  resolved "https://registry.yarnpkg.com/debug/-/debug-3.2.6.tgz#e83d17de16d8a7efb7717edbe5fb10135eee629b"
  integrity sha512-mel+jf7nrtEl5Pn1Qx46zARXKDpBbvzezse7p7LqINmdoIk8PYP5SySaxEmYv6TZ0JyEKA1hsCId6DIhgITtWQ==
  dependencies:
    ms "^2.1.1"

decamelize@^1.0.0:
  version "1.2.0"
  resolved "https://registry.yarnpkg.com/decamelize/-/decamelize-1.2.0.tgz#f6534d15148269b20352e7bee26f501f9a191290"
  integrity sha1-9lNNFRSCabIDUue+4m9QH5oZEpA=

depd@^1.1.0:
  version "1.1.2"
  resolved "https://registry.yarnpkg.com/depd/-/depd-1.1.2.tgz#9bcd52e14c097763e749b274c4346ed2e560b5a9"
  integrity sha1-m81S4UwJd2PnSbJ0xDRu0uVgtak=

doctypes@^1.1.0:
  version "1.1.0"
  resolved "https://registry.yarnpkg.com/doctypes/-/doctypes-1.1.0.tgz#ea80b106a87538774e8a3a4a5afe293de489e0a9"
  integrity sha1-6oCxBqh1OHdOijpKWv4pPeSJ4Kk=

dottie@^2.0.0:
  version "2.0.2"
  resolved "https://registry.yarnpkg.com/dottie/-/dottie-2.0.2.tgz#cc91c0726ce3a054ebf11c55fbc92a7f266dd154"
  integrity sha512-fmrwR04lsniq/uSr8yikThDTrM7epXHBAAjH9TbeH3rEA8tdCO7mRzB9hdmdGyJCxF8KERo9CITcm3kGuoyMhg==

esutils@^2.0.2:
  version "2.0.3"
  resolved "https://registry.yarnpkg.com/esutils/-/esutils-2.0.3.tgz#74d2eb4de0b8da1293711910d50775b9b710ef64"
  integrity sha512-kVscqXk4OCp68SZ0dkgEKVi6/8ij300KBWTJq32P/dYeWTSwK41WyTxalN1eRmA5Z9UU/LX9D7FWSmV9SAYx6g==

function-bind@^1.1.1:
  version "1.1.1"
  resolved "https://registry.yarnpkg.com/function-bind/-/function-bind-1.1.1.tgz#a56899d3ea3c9bab874bb9773b7c5ede92f4895d"
  integrity sha512-yIovAzMX49sF8Yl58fSCWJ5svSLuaibPxXQJFLmBObTuCr0Mf1KiPopGM9NiFjiYBCbfaa2Fh6breQ6ANVTI0A==

generic-pool@^3.4.0:
  version "3.7.1"
  resolved "https://registry.yarnpkg.com/generic-pool/-/generic-pool-3.7.1.tgz#36fe5bb83e7e0e032e5d32cd05dc00f5ff119aa8"
  integrity sha512-ug6DAZoNgWm6q5KhPFA+hzXfBLFQu5sTXxPpv44DmE0A2g+CiHoq9LTVdkXpZMkYVMoGw83F6W+WT0h0MFMK/w==

has@^1.0.3:
  version "1.0.3"
  resolved "https://registry.yarnpkg.com/has/-/has-1.0.3.tgz#722d7cbfc1f6aa8241f16dd814e011e1f41e8796"
  integrity sha512-f2dvO0VU6Oej7RkWJGrehjbzMAjFp5/VKPp5tTpWIV4JHHZK1/BxbFRtf/siA2SWTe09caDmVtYYzWEIbBS4zw==
  dependencies:
    function-bind "^1.1.1"

http-auth@^3.2.3:
  version "3.2.4"
  resolved "https://registry.yarnpkg.com/http-auth/-/http-auth-3.2.4.tgz#285ae2024dc734a729a087508b630fc8f595f711"
  integrity sha512-jeWAPP0UbI3dM6knyYbYbMvBoxwXGQp0eu70GGV9Ezo/pHmpv1dFLwM0CtaG+GFqUBkGZM/V8Jp/0gXFYwIOUQ==
  dependencies:
    apache-crypt "^1.1.2"
    apache-md5 "^1.0.6"
    bcryptjs "^2.3.0"
    uuid "^3.0.0"

inflection@1.12.0:
  version "1.12.0"
  resolved "https://registry.yarnpkg.com/inflection/-/inflection-1.12.0.tgz#a200935656d6f5f6bc4dc7502e1aecb703228416"
  integrity sha1-ogCTVlbW9fa8TcdQLhrstwMihBY=

is-bluebird@^1.0.2:
  version "1.0.2"
  resolved "https://registry.yarnpkg.com/is-bluebird/-/is-bluebird-1.0.2.tgz#096439060f4aa411abee19143a84d6a55346d6e2"
  integrity sha1-CWQ5Bg9KpBGr7hkUOoTWpVNG1uI=

is-buffer@^1.1.5:
  version "1.1.6"
  resolved "https://registry.yarnpkg.com/is-buffer/-/is-buffer-1.1.6.tgz#efaa2ea9daa0d7ab2ea13a97b2b8ad51fefbe8be"
  integrity sha512-NcdALwpXkTm5Zvvbk7owOUSvVvBKDgKP5/ewfXEznmQFfs4ZRmanOeKBTjRVjka3QFoN6XJ+9F3USqfHqTaU5w==

is-expression@^3.0.0:
  version "3.0.0"
  resolved "https://registry.yarnpkg.com/is-expression/-/is-expression-3.0.0.tgz#39acaa6be7fd1f3471dc42c7416e61c24317ac9f"
  integrity sha1-Oayqa+f9HzRx3ELHQW5hwkMXrJ8=
  dependencies:
    acorn "~4.0.2"
    object-assign "^4.0.1"

is-promise@^2.0.0:
  version "2.1.0"
  resolved "https://registry.yarnpkg.com/is-promise/-/is-promise-2.1.0.tgz#79a2a9ece7f096e80f36d2b2f3bc16c1ff4bf3fa"
  integrity sha1-eaKp7OfwlugPNtKy87wWwf9L8/o=

is-regex@^1.0.3:
  version "1.0.5"
  resolved "https://registry.yarnpkg.com/is-regex/-/is-regex-1.0.5.tgz#39d589a358bf18967f726967120b8fc1aed74eae"
  integrity sha512-vlKW17SNq44owv5AQR3Cq0bQPEb8+kF3UKZ2fiZNOWtztYE5i0CzCZxFDwO58qAOWtxdBRVO/V5Qin1wjCqFYQ==
  dependencies:
    has "^1.0.3"

js-string-escape@1.0.1:
  version "1.0.1"
  resolved "https://registry.yarnpkg.com/js-string-escape/-/js-string-escape-1.0.1.tgz#e2625badbc0d67c7533e9edc1068c587ae4137ef"
  integrity sha1-4mJbrbwNZ8dTPp7cEGjFh65BN+8=

js-stringify@^1.0.1:
  version "1.0.2"
  resolved "https://registry.yarnpkg.com/js-stringify/-/js-stringify-1.0.2.tgz#1736fddfd9724f28a3682adc6230ae7e4e9679db"
  integrity sha1-Fzb939lyTyijaCrcYjCufk6Weds=

jstransformer@1.0.0:
  version "1.0.0"
  resolved "https://registry.yarnpkg.com/jstransformer/-/jstransformer-1.0.0.tgz#ed8bf0921e2f3f1ed4d5c1a44f68709ed24722c3"
  integrity sha1-7Yvwkh4vPx7U1cGkT2hwntJHIsM=
  dependencies:
    is-promise "^2.0.0"
    promise "^7.0.1"

kind-of@^3.0.2:
  version "3.2.2"
  resolved "https://registry.yarnpkg.com/kind-of/-/kind-of-3.2.2.tgz#31ea21a734bab9bbb0f32466d893aea51e4a3c64"
  integrity sha1-MeohpzS6ubuw8yRm2JOupR5KPGQ=
  dependencies:
    is-buffer "^1.1.5"

lazy-cache@^1.0.3:
  version "1.0.4"
  resolved "https://registry.yarnpkg.com/lazy-cache/-/lazy-cache-1.0.4.tgz#a1d78fc3a50474cb80845d3b3b6e1da49a446e8e"
  integrity sha1-odePw6UEdMuAhF07O24dpJpEbo4=

lodash@^4.17.1, lodash@^4.17.4:
  version "4.17.15"
  resolved "https://registry.yarnpkg.com/lodash/-/lodash-4.17.15.tgz#b447f6670a0455bbfeedd11392eff330ea097548"
  integrity sha512-8xOcRHvCjnocdS5cpwXQXVzmmh5e5+saE2QGoeQmbKmRS6J3VQppPOIt0MnmE+4xlZoumy0GPG0D0MVIQbNA1A==

longest@^1.0.1:
  version "1.0.1"
  resolved "https://registry.yarnpkg.com/longest/-/longest-1.0.1.tgz#30a0b2da38f73770e8294a0d22e6625ed77d0097"
  integrity sha1-MKCy2jj3N3DoKUoNIuZiXtd9AJc=

moment-timezone@^0.5.14:
  version "0.5.27"
  resolved "https://registry.yarnpkg.com/moment-timezone/-/moment-timezone-0.5.27.tgz#73adec8139b6fe30452e78f210f27b1f346b8877"
  integrity sha512-EIKQs7h5sAsjhPCqN6ggx6cEbs94GK050254TIJySD1bzoM5JTYDwAU1IoVOeTOL6Gm27kYJ51/uuvq1kIlrbw==
  dependencies:
    moment ">= 2.9.0"

"moment@>= 2.9.0", moment@^2.20.0:
  version "2.24.0"
  resolved "https://registry.yarnpkg.com/moment/-/moment-2.24.0.tgz#0d055d53f5052aa653c9f6eb68bb5d12bf5c2b5b"
  integrity sha512-bV7f+6l2QigeBBZSM/6yTNq4P2fNpSWj/0e7jQcy87A8e7o2nAfP/34/2ky5Vw4B9S446EtIhodAzkFCcR4dQg==

ms@2.0.0:
  version "2.0.0"
  resolved "https://registry.yarnpkg.com/ms/-/ms-2.0.0.tgz#5608aeadfc00be6c2901df5f9861788de0d597c8"
  integrity sha1-VgiurfwAvmwpAd9fmGF4jeDVl8g=

ms@^2.1.1:
  version "2.1.2"
  resolved "https://registry.yarnpkg.com/ms/-/ms-2.1.2.tgz#d09d1f357b443f493382a8eb3ccd183872ae6009"
  integrity sha512-sGkPx+VjMtmA6MX27oA4FBFELFCZZ4S4XqeGOXCv68tT+jb3vk/RyaKWP0PTKyWtmLSM0b+adUTEvbs1PEaH2w==

object-assign@^4.0.1, object-assign@^4.1.0:
  version "4.1.1"
  resolved "https://registry.yarnpkg.com/object-assign/-/object-assign-4.1.1.tgz#2109adc7965887cfc05cbbd442cac8bfbb360863"
  integrity sha1-IQmtx5ZYh8/AXLvUQsrIv7s2CGM=

packet-reader@0.3.1:
  version "0.3.1"
  resolved "https://registry.yarnpkg.com/packet-reader/-/packet-reader-0.3.1.tgz#cd62e60af8d7fea8a705ec4ff990871c46871f27"
  integrity sha1-zWLmCvjX/qinBexP+ZCHHEaHHyc=

path-parse@^1.0.6:
  version "1.0.6"
  resolved "https://registry.yarnpkg.com/path-parse/-/path-parse-1.0.6.tgz#d62dbb5679405d72c4737ec58600e9ddcf06d24c"
  integrity sha512-GSmOT2EbHrINBf9SR7CDELwlJ8AENk3Qn7OikK4nFYAu3Ote2+JYNVvkpAEQm3/TLNEJFD/xZJjzyxg3KBWOzw==

pg-connection-string@0.1.3:
  version "0.1.3"
  resolved "https://registry.yarnpkg.com/pg-connection-string/-/pg-connection-string-0.1.3.tgz#da1847b20940e42ee1492beaf65d49d91b245df7"
  integrity sha1-2hhHsglA5C7hSSvq9l1J2RskXfc=

pg-hstore@2.3.2:
  version "2.3.2"
  resolved "https://registry.yarnpkg.com/pg-hstore/-/pg-hstore-2.3.2.tgz#f7ef053e7b9b892ae986af2f7cbe86432dfcf24f"
  integrity sha1-9+8FPnubiSrphq8vfL6GQy388k8=
  dependencies:
    underscore "^1.7.0"

pg-pool@~2.0.3:
  version "2.0.7"
  resolved "https://registry.yarnpkg.com/pg-pool/-/pg-pool-2.0.7.tgz#f14ecab83507941062c313df23f6adcd9fd0ce54"
  integrity sha512-UiJyO5B9zZpu32GSlP0tXy8J2NsJ9EFGFfz5v6PSbdz/1hBLX1rNiiy5+mAm5iJJYwfCv4A0EBcQLGWwjbpzZw==

pg-types@~1.12.1:
  version "1.12.1"
  resolved "https://registry.yarnpkg.com/pg-types/-/pg-types-1.12.1.tgz#d64087e3903b58ffaad279e7595c52208a14c3d2"
  integrity sha1-1kCH45A7WP+q0nnnWVxSIIoUw9I=
  dependencies:
    postgres-array "~1.0.0"
    postgres-bytea "~1.0.0"
    postgres-date "~1.0.0"
    postgres-interval "^1.1.0"

pg@7.4.1:
  version "7.4.1"
  resolved "https://registry.yarnpkg.com/pg/-/pg-7.4.1.tgz#f3411c8ddf9f692322fe05e7017a1888e47f78f1"
  integrity sha512-Pi5qYuXro5PAD9xXx8h7bFtmHgAQEG6/SCNyi7gS3rvb/ZQYDmxKchfB0zYtiSJNWq9iXTsYsHjrM+21eBcN1A==
  dependencies:
    buffer-writer "1.0.1"
    js-string-escape "1.0.1"
    packet-reader "0.3.1"
    pg-connection-string "0.1.3"
    pg-pool "~2.0.3"
    pg-types "~1.12.1"
    pgpass "1.x"
    semver "4.3.2"

pgpass@1.x:
  version "1.0.2"
  resolved "https://registry.yarnpkg.com/pgpass/-/pgpass-1.0.2.tgz#2a7bb41b6065b67907e91da1b07c1847c877b306"
  integrity sha1-Knu0G2BltnkH6R2hsHwYR8h3swY=
  dependencies:
    split "^1.0.0"

postgres-array@~1.0.0:
  version "1.0.3"
  resolved "https://registry.yarnpkg.com/postgres-array/-/postgres-array-1.0.3.tgz#c561fc3b266b21451fc6555384f4986d78ec80f5"
  integrity sha512-5wClXrAP0+78mcsNX3/ithQ5exKvCyK5lr5NEEEeGwwM6NJdQgzIJBVxLvRW+huFpX92F2QnZ5CcokH0VhK2qQ==

postgres-bytea@~1.0.0:
  version "1.0.0"
  resolved "https://registry.yarnpkg.com/postgres-bytea/-/postgres-bytea-1.0.0.tgz#027b533c0aa890e26d172d47cf9ccecc521acd35"
  integrity sha1-AntTPAqokOJtFy1Hz5zOzFIazTU=

postgres-date@~1.0.0:
  version "1.0.4"
  resolved "https://registry.yarnpkg.com/postgres-date/-/postgres-date-1.0.4.tgz#1c2728d62ef1bff49abdd35c1f86d4bdf118a728"
  integrity sha512-bESRvKVuTrjoBluEcpv2346+6kgB7UlnqWZsnbnCccTNq/pqfj1j6oBaN5+b/NrDXepYUT/HKadqv3iS9lJuVA==

postgres-interval@^1.1.0:
  version "1.2.0"
  resolved "https://registry.yarnpkg.com/postgres-interval/-/postgres-interval-1.2.0.tgz#b460c82cb1587507788819a06aa0fffdb3544695"
  integrity sha512-9ZhXKM/rw350N1ovuWHbGxnGh/SNJ4cnxHiM0rxE4VN41wsg8P8zWn9hv/buK00RP4WvlOyr/RBDiptyxVbkZQ==
  dependencies:
    xtend "^4.0.0"

promise@^7.0.1:
  version "7.3.1"
  resolved "https://registry.yarnpkg.com/promise/-/promise-7.3.1.tgz#064b72602b18f90f29192b8b1bc418ffd1ebd3bf"
  integrity sha512-nolQXZ/4L+bP/UGlkfaIujX9BKxGwmQ9OT4mOt5yvy8iK1h3wqTEJCijzGANTCCl9nWjY41juyAn2K3Q1hLLTg==
  dependencies:
    asap "~2.0.3"

pug-attrs@^2.0.4:
  version "2.0.4"
  resolved "https://registry.yarnpkg.com/pug-attrs/-/pug-attrs-2.0.4.tgz#b2f44c439e4eb4ad5d4ef25cac20d18ad28cc336"
  integrity sha512-TaZ4Z2TWUPDJcV3wjU3RtUXMrd3kM4Wzjbe3EWnSsZPsJ3LDI0F3yCnf2/W7PPFF+edUFQ0HgDL1IoxSz5K8EQ==
  dependencies:
    constantinople "^3.0.1"
    js-stringify "^1.0.1"
    pug-runtime "^2.0.5"

pug-code-gen@^2.0.2:
  version "2.0.2"
  resolved "https://registry.yarnpkg.com/pug-code-gen/-/pug-code-gen-2.0.2.tgz#ad0967162aea077dcf787838d94ed14acb0217c2"
  integrity sha512-kROFWv/AHx/9CRgoGJeRSm+4mLWchbgpRzTEn8XCiwwOy6Vh0gAClS8Vh5TEJ9DBjaP8wCjS3J6HKsEsYdvaCw==
  dependencies:
    constantinople "^3.1.2"
    doctypes "^1.1.0"
    js-stringify "^1.0.1"
    pug-attrs "^2.0.4"
    pug-error "^1.3.3"
    pug-runtime "^2.0.5"
    void-elements "^2.0.1"
    with "^5.0.0"

pug-error@^1.3.3:
  version "1.3.3"
  resolved "https://registry.yarnpkg.com/pug-error/-/pug-error-1.3.3.tgz#f342fb008752d58034c185de03602dd9ffe15fa6"
  integrity sha512-qE3YhESP2mRAWMFJgKdtT5D7ckThRScXRwkfo+Erqga7dyJdY3ZquspprMCj/9sJ2ijm5hXFWQE/A3l4poMWiQ==

pug-filters@^3.1.1:
  version "3.1.1"
  resolved "https://registry.yarnpkg.com/pug-filters/-/pug-filters-3.1.1.tgz#ab2cc82db9eeccf578bda89130e252a0db026aa7"
  integrity sha512-lFfjNyGEyVWC4BwX0WyvkoWLapI5xHSM3xZJFUhx4JM4XyyRdO8Aucc6pCygnqV2uSgJFaJWW3Ft1wCWSoQkQg==
  dependencies:
    clean-css "^4.1.11"
    constantinople "^3.0.1"
    jstransformer "1.0.0"
    pug-error "^1.3.3"
    pug-walk "^1.1.8"
    resolve "^1.1.6"
    uglify-js "^2.6.1"

pug-lexer@^4.1.0:
  version "4.1.0"
  resolved "https://registry.yarnpkg.com/pug-lexer/-/pug-lexer-4.1.0.tgz#531cde48c7c0b1fcbbc2b85485c8665e31489cfd"
  integrity sha512-i55yzEBtjm0mlplW4LoANq7k3S8gDdfC6+LThGEvsK4FuobcKfDAwt6V4jKPH9RtiE3a2Akfg5UpafZ1OksaPA==
  dependencies:
    character-parser "^2.1.1"
    is-expression "^3.0.0"
    pug-error "^1.3.3"

pug-linker@^3.0.6:
  version "3.0.6"
  resolved "https://registry.yarnpkg.com/pug-linker/-/pug-linker-3.0.6.tgz#f5bf218b0efd65ce6670f7afc51658d0f82989fb"
  integrity sha512-bagfuHttfQOpANGy1Y6NJ+0mNb7dD2MswFG2ZKj22s8g0wVsojpRlqveEQHmgXXcfROB2RT6oqbPYr9EN2ZWzg==
  dependencies:
    pug-error "^1.3.3"
    pug-walk "^1.1.8"

pug-load@^2.0.12:
  version "2.0.12"
  resolved "https://registry.yarnpkg.com/pug-load/-/pug-load-2.0.12.tgz#d38c85eb85f6e2f704dea14dcca94144d35d3e7b"
  integrity sha512-UqpgGpyyXRYgJs/X60sE6SIf8UBsmcHYKNaOccyVLEuT6OPBIMo6xMPhoJnqtB3Q3BbO4Z3Bjz5qDsUWh4rXsg==
  dependencies:
    object-assign "^4.1.0"
    pug-walk "^1.1.8"

pug-parser@^5.0.1:
  version "5.0.1"
  resolved "https://registry.yarnpkg.com/pug-parser/-/pug-parser-5.0.1.tgz#03e7ada48b6840bd3822f867d7d90f842d0ffdc9"
  integrity sha512-nGHqK+w07p5/PsPIyzkTQfzlYfuqoiGjaoqHv1LjOv2ZLXmGX1O+4Vcvps+P4LhxZ3drYSljjq4b+Naid126wA==
  dependencies:
    pug-error "^1.3.3"
    token-stream "0.0.1"

pug-runtime@^2.0.5:
  version "2.0.5"
  resolved "https://registry.yarnpkg.com/pug-runtime/-/pug-runtime-2.0.5.tgz#6da7976c36bf22f68e733c359240d8ae7a32953a"
  integrity sha512-P+rXKn9un4fQY77wtpcuFyvFaBww7/91f3jHa154qU26qFAnOe6SW1CbIDcxiG5lLK9HazYrMCCuDvNgDQNptw==

pug-strip-comments@^1.0.4:
  version "1.0.4"
  resolved "https://registry.yarnpkg.com/pug-strip-comments/-/pug-strip-comments-1.0.4.tgz#cc1b6de1f6e8f5931cf02ec66cdffd3f50eaf8a8"
  integrity sha512-i5j/9CS4yFhSxHp5iKPHwigaig/VV9g+FgReLJWWHEHbvKsbqL0oP/K5ubuLco6Wu3Kan5p7u7qk8A4oLLh6vw==
  dependencies:
    pug-error "^1.3.3"

pug-walk@^1.1.8:
  version "1.1.8"
  resolved "https://registry.yarnpkg.com/pug-walk/-/pug-walk-1.1.8.tgz#b408f67f27912f8c21da2f45b7230c4bd2a5ea7a"
  integrity sha512-GMu3M5nUL3fju4/egXwZO0XLi6fW/K3T3VTgFQ14GxNi8btlxgT5qZL//JwZFm/2Fa64J/PNS8AZeys3wiMkVA==

pug@^2.0.0-rc.4:
  version "2.0.4"
  resolved "https://registry.yarnpkg.com/pug/-/pug-2.0.4.tgz#ee7682ec0a60494b38d48a88f05f3b0ac931377d"
  integrity sha512-XhoaDlvi6NIzL49nu094R2NA6P37ijtgMDuWE+ofekDChvfKnzFal60bhSdiy8y2PBO6fmz3oMEIcfpBVRUdvw==
  dependencies:
    pug-code-gen "^2.0.2"
    pug-filters "^3.1.1"
    pug-lexer "^4.1.0"
    pug-linker "^3.0.6"
    pug-load "^2.0.12"
    pug-parser "^5.0.1"
    pug-runtime "^2.0.5"
    pug-strip-comments "^1.0.4"

regenerator-runtime@^0.11.0:
  version "0.11.1"
  resolved "https://registry.yarnpkg.com/regenerator-runtime/-/regenerator-runtime-0.11.1.tgz#be05ad7f9bf7d22e056f9726cee5017fbf19e2e9"
  integrity sha512-MguG95oij0fC3QV3URf4V2SDYGJhJnJGqvIIgdECeODCT98wSWDAJ94SSuVpYQUoTcGUIL6L4yNB7j1DFFHSBg==

repeat-string@^1.5.2:
  version "1.6.1"
  resolved "https://registry.yarnpkg.com/repeat-string/-/repeat-string-1.6.1.tgz#8dcae470e1c88abc2d600fff4a776286da75e637"
  integrity sha1-jcrkcOHIirwtYA//Sndihtp15jc=

resolve@^1.1.6:
  version "1.13.1"
  resolved "https://registry.yarnpkg.com/resolve/-/resolve-1.13.1.tgz#be0aa4c06acd53083505abb35f4d66932ab35d16"
  integrity sha512-CxqObCX8K8YtAhOBRg+lrcdn+LK+WYOS8tSjqSFbjtrI5PnS63QPhZl4+yKfrU9tdsbMu9Anr/amegT87M9Z6w==
  dependencies:
    path-parse "^1.0.6"

retry-as-promised@^2.3.2:
  version "2.3.2"
  resolved "https://registry.yarnpkg.com/retry-as-promised/-/retry-as-promised-2.3.2.tgz#cd974ee4fd9b5fe03cbf31871ee48221c07737b7"
  integrity sha1-zZdO5P2bX+A8vzGHHuSCIcB3N7c=
  dependencies:
    bluebird "^3.4.6"
    debug "^2.6.9"

right-align@^0.1.1:
  version "0.1.3"
  resolved "https://registry.yarnpkg.com/right-align/-/right-align-0.1.3.tgz#61339b722fe6a3515689210d24e14c96148613ef"
  integrity sha1-YTObci/mo1FWiSENJOFMlhSGE+8=
  dependencies:
    align-text "^0.1.1"

semver@4.3.2:
  version "4.3.2"
  resolved "https://registry.yarnpkg.com/semver/-/semver-4.3.2.tgz#c7a07158a80bedd052355b770d82d6640f803be7"
  integrity sha1-x6BxWKgL7dBSNVt3DYLWZA+AO+c=

semver@^5.5.0:
  version "5.7.1"
  resolved "https://registry.yarnpkg.com/semver/-/semver-5.7.1.tgz#a954f931aeba508d307bbf069eff0c01c96116f7"
  integrity sha512-sauaDf/PZdVgrLTNYHRtpXa1iRiKcaebiKQ1BJdpQlWH2lCvexQdX55snPFyK7QzpudqbCI0qXFfOasHdyNDGQ==

sequelize@4.33.4:
  version "4.33.4"
  resolved "https://registry.yarnpkg.com/sequelize/-/sequelize-4.33.4.tgz#5581183e8bb902499ea1be96aa8585743a2b9b1c"
  integrity sha512-PoKGxgHkc701Nfm0GO1/Sl3VJUALVHdI1k4TViDIDpUwYu98/qxkDSsZeT0geq1xKVNwRzYjhO5zSH+y1C3xQw==
  dependencies:
    bluebird "^3.5.0"
    cls-bluebird "^2.1.0"
    debug "^3.1.0"
    depd "^1.1.0"
    dottie "^2.0.0"
    generic-pool "^3.4.0"
    inflection "1.12.0"
    lodash "^4.17.1"
    moment "^2.20.0"
    moment-timezone "^0.5.14"
    retry-as-promised "^2.3.2"
    semver "^5.5.0"
    terraformer-wkt-parser "^1.1.2"
    toposort-class "^1.0.1"
    uuid "^3.2.1"
    validator "^9.4.0"
    wkx "^0.4.1"

shimmer@^1.1.0:
  version "1.2.1"
  resolved "https://registry.yarnpkg.com/shimmer/-/shimmer-1.2.1.tgz#610859f7de327b587efebf501fb43117f9aff337"
  integrity sha512-sQTKC1Re/rM6XyFM6fIAGHRPVGvyXfgzIDvzoq608vM+jeyVD0Tu1E6Np0Kc2zAIFWIj963V2800iF/9LPieQw==

source-map@~0.5.1:
  version "0.5.7"
  resolved "https://registry.yarnpkg.com/source-map/-/source-map-0.5.7.tgz#8a039d2d1021d22d1ea14c80d8ea468ba2ef3fcc"
  integrity sha1-igOdLRAh0i0eoUyA2OpGi6LvP8w=

source-map@~0.6.0:
  version "0.6.1"
  resolved "https://registry.yarnpkg.com/source-map/-/source-map-0.6.1.tgz#74722af32e9614e9c287a8d0bbde48b5e2f1a263"
  integrity sha512-UjgapumWlbMhkBgzT7Ykc5YXUT46F0iKu8SGXq0bcwP5dz/h0Plj6enJqjz1Zbq2l5WaqYnrVbwWOWMyF3F47g==

split@^1.0.0:
  version "1.0.1"
  resolved "https://registry.yarnpkg.com/split/-/split-1.0.1.tgz#605bd9be303aa59fb35f9229fbea0ddec9ea07d9"
  integrity sha512-mTyOoPbrivtXnwnIxZRFYRrPNtEFKlpB2fvjSnCQUiAA6qAZzqwna5envK4uk6OIeP17CsdF3rSBGYVBsU0Tkg==
  dependencies:
    through "2"

terraformer-wkt-parser@^1.1.2:
  version "1.2.0"
  resolved "https://registry.yarnpkg.com/terraformer-wkt-parser/-/terraformer-wkt-parser-1.2.0.tgz#c9d6ac3dff25f4c0bd344e961f42694961834c34"
  integrity sha512-QU3iA54St5lF8Za1jg1oj4NYc8sn5tCZ08aNSWDeGzrsaV48eZk1iAVWasxhNspYBoCqdHuoot1pUTUrE1AJ4w==
  dependencies:
    "@types/geojson" "^1.0.0"
    terraformer "~1.0.5"

terraformer@~1.0.5:
  version "1.0.9"
  resolved "https://registry.yarnpkg.com/terraformer/-/terraformer-1.0.9.tgz#77851fef4a49c90b345dc53cf26809fdf29dcda6"
  integrity sha512-YlmQ1fsMWTkKGDGibCRWgmLzrpDRUr63Q025LJ/taYQ6j1Yb8q9McKF7NBi6ACAyUXO6F/bl9w6v4MY307y5Ag==
  optionalDependencies:
    "@types/geojson" "^1.0.0"

through@2:
  version "2.3.8"
  resolved "https://registry.yarnpkg.com/through/-/through-2.3.8.tgz#0dd4c9ffaabc357960b1b724115d7e0e86a2e1f5"
  integrity sha1-DdTJ/6q8NXlgsbckEV1+Doai4fU=

to-fast-properties@^1.0.3:
  version "1.0.3"
  resolved "https://registry.yarnpkg.com/to-fast-properties/-/to-fast-properties-1.0.3.tgz#b83571fa4d8c25b82e231b06e3a3055de4ca1a47"
  integrity sha1-uDVx+k2MJbguIxsG46MFXeTKGkc=

token-stream@0.0.1:
  version "0.0.1"
  resolved "https://registry.yarnpkg.com/token-stream/-/token-stream-0.0.1.tgz#ceeefc717a76c4316f126d0b9dbaa55d7e7df01a"
  integrity sha1-zu78cXp2xDFvEm0LnbqlXX598Bo=

toposort-class@^1.0.1:
  version "1.0.1"
  resolved "https://registry.yarnpkg.com/toposort-class/-/toposort-class-1.0.1.tgz#7ffd1f78c8be28c3ba45cd4e1a3f5ee193bd9988"
  integrity sha1-f/0feMi+KMO6Rc1OGj9e4ZO9mYg=

uglify-js@^2.6.1:
  version "2.8.29"
  resolved "https://registry.yarnpkg.com/uglify-js/-/uglify-js-2.8.29.tgz#29c5733148057bb4e1f75df35b7a9cb72e6a59dd"
  integrity sha1-KcVzMUgFe7Th913zW3qcty5qWd0=
  dependencies:
    source-map "~0.5.1"
    yargs "~3.10.0"
  optionalDependencies:
    uglify-to-browserify "~1.0.0"

uglify-to-browserify@~1.0.0:
  version "1.0.2"
  resolved "https://registry.yarnpkg.com/uglify-to-browserify/-/uglify-to-browserify-1.0.2.tgz#6e0924d6bda6b5afe349e39a6d632850a0f882b7"
  integrity sha1-bgkk1r2mta/jSeOabWMoUKD4grc=

underscore@^1.7.0:
  version "1.9.1"
  resolved "https://registry.yarnpkg.com/underscore/-/underscore-1.9.1.tgz#06dce34a0e68a7babc29b365b8e74b8925203961"
  integrity sha512-5/4etnCkd9c8gwgowi5/om/mYO5ajCaOgdzj/oW+0eQV9WxKBDZw5+ycmKmeaTXjInS/W0BzpGLo2xR2aBwZdg==

unix-crypt-td-js@^1.0.0:
  version "1.1.4"
  resolved "https://registry.yarnpkg.com/unix-crypt-td-js/-/unix-crypt-td-js-1.1.4.tgz#4912dfad1c8aeb7d20fa0a39e4c31918c1d5d5dd"
  integrity sha512-8rMeVYWSIyccIJscb9NdCfZKSRBKYTeVnwmiRYT2ulE3qd1RaDQ0xQDP+rI3ccIWbhu/zuo5cgN8z73belNZgw==

uuid@^3.0.0, uuid@^3.2.1:
  version "3.3.3"
  resolved "https://registry.yarnpkg.com/uuid/-/uuid-3.3.3.tgz#4568f0216e78760ee1dbf3a4d2cf53e224112866"
  integrity sha512-pW0No1RGHgzlpHJO1nsVrHKpOEIxkGg1xB+v0ZmdNH5OAeAwzAVrCnI2/6Mtx+Uys6iaylxa+D3g4j63IKKjSQ==

validator@^9.4.0:
  version "9.4.1"
  resolved "https://registry.yarnpkg.com/validator/-/validator-9.4.1.tgz#abf466d398b561cd243050112c6ff1de6cc12663"
  integrity sha512-YV5KjzvRmSyJ1ee/Dm5UED0G+1L4GZnLN3w6/T+zZm8scVua4sOhYKWTUrKa0H/tMiJyO9QLHMPN+9mB/aMunA==

void-elements@^2.0.1:
  version "2.0.1"
  resolved "https://registry.yarnpkg.com/void-elements/-/void-elements-2.0.1.tgz#c066afb582bb1cb4128d60ea92392e94d5e9dbec"
  integrity sha1-wGavtYK7HLQSjWDqkjkulNXp2+w=

window-size@0.1.0:
  version "0.1.0"
  resolved "https://registry.yarnpkg.com/window-size/-/window-size-0.1.0.tgz#5438cd2ea93b202efa3a19fe8887aee7c94f9c9d"
  integrity sha1-VDjNLqk7IC76Ohn+iIeu58lPnJ0=

with@^5.0.0:
  version "5.1.1"
  resolved "https://registry.yarnpkg.com/with/-/with-5.1.1.tgz#fa4daa92daf32c4ea94ed453c81f04686b575dfe"
  integrity sha1-+k2qktrzLE6pTtRTyB8EaGtXXf4=
  dependencies:
    acorn "^3.1.0"
    acorn-globals "^3.0.0"

wkx@^0.4.1:
  version "0.4.8"
  resolved "https://registry.yarnpkg.com/wkx/-/wkx-0.4.8.tgz#a092cf088d112683fdc7182fd31493b2c5820003"
  integrity sha512-ikPXMM9IR/gy/LwiOSqWlSL3X/J5uk9EO2hHNRXS41eTLXaUFEVw9fn/593jW/tE5tedNg8YjT5HkCa4FqQZyQ==
  dependencies:
    "@types/node" "*"

wordwrap@0.0.2:
  version "0.0.2"
  resolved "https://registry.yarnpkg.com/wordwrap/-/wordwrap-0.0.2.tgz#b79669bb42ecb409f83d583cad52ca17eaa1643f"
  integrity sha1-t5Zpu0LstAn4PVg8rVLKF+qhZD8=

xtend@^4.0.0:
  version "4.0.2"
  resolved "https://registry.yarnpkg.com/xtend/-/xtend-4.0.2.tgz#bb72779f5fa465186b1f438f674fa347fdb5db54"
  integrity sha512-LKYU1iAXJXUgAXn9URjiu+MWhyUXHsvfp7mcuYm9dSUKK0/CjtrUwFAxD82/mCWbtLsGjFIad0wIsod4zrTAEQ==

yargs@~3.10.0:
  version "3.10.0"
  resolved "https://registry.yarnpkg.com/yargs/-/yargs-3.10.0.tgz#f7ee7bd857dd7c1d2d38c0e74efbd681d1431fd1"
  integrity sha1-9+572FfdfB0tOMDnTvvWgdFDH9E=
  dependencies:
    camelcase "^1.0.2"
    cliui "^2.1.0"
    decamelize "^1.0.0"
    window-size "0.1.0"
